
Microsoft Visual Studio Solution File, Format Version 12.00
# Visual Studio 15
VisualStudioVersion = 15.0.28307.106
MinimumVisualStudioVersion = 10.0.40219.1
Project("{FAE04EC0-301F-11D3-BF4B-00C04F79EFBC}") = "eSistem.ReceitaFederal", "eSistem.ReceitaFederal\eSistem.ReceitaFederal.csproj", "{B1C77642-B5C8-4062-98A4-D9EC75BE2647}"
EndProject
Project("{FAE04EC0-301F-11D3-BF4B-00C04F79EFBC}") = "AppTeste", "AppTeste\AppTeste.csproj", "{57055FCC-7243-4456-B2DB-54BA64089F06}"
EndProject
Global
	GlobalSection(SolutionConfigurationPlatforms) = preSolution
		Debug|Any CPU = Debug|Any CPU
		Release|Any CPU = Release|Any CPU
	EndGlobalSection
	GlobalSection(ProjectConfigurationPlatforms) = postSolution
		{B1C77642-B5C8-4062-98A4-D9EC75BE2647}.Debug|Any CPU.ActiveCfg = Debug|Any CPU
		{B1C77642-B5C8-4062-98A4-D9EC75BE2647}.Debug|Any CPU.Build.0 = Debug|Any CPU
		{B1C77642-B5C8-4062-98A4-D9EC75BE2647}.Release|Any CPU.ActiveCfg = Release|Any CPU
		{B1C77642-B5C8-4062-98A4-D9EC75BE2647}.Release|Any CPU.Build.0 = Release|Any CPU
		{57055FCC-7243-4456-B2DB-54BA64089F06}.Debug|Any CPU.ActiveCfg = Debug|Any CPU
		{57055FCC-7243-4456-B2DB-54BA64089F06}.Debug|Any CPU.Build.0 = Debug|Any CPU
		{57055FCC-7243-4456-B2DB-54BA64089F06}.Release|Any CPU.ActiveCfg = Release|Any CPU
		{57055FCC-7243-4456-B2DB-54BA64089F06}.Release|Any CPU.Build.0 = Release|Any CPU
	EndGlobalSection
	GlobalSection(SolutionProperties) = preSolution
		HideSolutionNode = FALSE
	EndGlobalSection
	GlobalSection(ExtensibilityGlobals) = postSolution
		SolutionGuid = {526BA795-517E-455C-AAB9-794B5E2A3F12}
	EndGlobalSection
EndGlobal
